// !$*UTF8*$!
{
	archiveVersion = 1;
	classes = {
	};
	objectVersion = 50;
	objects = {

/* Begin PBXBuildFile section */
		7A2EDA5422D4229700A83BF0 /* AViewController.swift in Sources */ = {isa = PBXBuildFile; fileRef = 7A2EDA5322D4229700A83BF0 /* AViewController.swift */; };
		7A2EDA5622D422CB00A83BF0 /* BViewController.swift in Sources */ = {isa = PBXBuildFile; fileRef = 7A2EDA5522D422CB00A83BF0 /* BViewController.swift */; };
		7A93E7AF22D09B3C00A960AC /* AppDelegate.swift in Sources */ = {isa = PBXBuildFile; fileRef = 7A93E7AE22D09B3C00A960AC /* AppDelegate.swift */; };
		7A93E7B122D09B3C00A960AC /* ViewController.swift in Sources */ = {isa = PBXBuildFile; fileRef = 7A93E7B022D09B3C00A960AC /* ViewController.swift */; };
		7A93E7B422D09B3C00A960AC /* Main.storyboard in Resources */ = {isa = PBXBuildFile; fileRef = 7A93E7B222D09B3C00A960AC /* Main.storyboard */; };
		7A93E7B622D09B3D00A960AC /* Assets.xcassets in Resources */ = {isa = PBXBuildFile; fileRef = 7A93E7B522D09B3D00A960AC /* Assets.xcassets */; };
		7A93E7B922D09B3D00A960AC /* LaunchScreen.storyboard in Resources */ = {isa = PBXBuildFile; fileRef = 7A93E7B722D09B3D00A960AC /* LaunchScreen.storyboard */; };
		7A93E7C422D09B3D00A960AC /* Class02Tests.swift in Sources */ = {isa = PBXBuildFile; fileRef = 7A93E7C322D09B3D00A960AC /* Class02Tests.swift */; };
		7A93E7CF22D09B3D00A960AC /* Class02UITests.swift in Sources */ = {isa = PBXBuildFile; fileRef = 7A93E7CE22D09B3D00A960AC /* Class02UITests.swift */; };
/* End PBXBuildFile section */

/* Begin PBXContainerItemProxy section */
		7A93E7C022D09B3D00A960AC /* PBXContainerItemProxy */ = {
			isa = PBXContainerItemProxy;
			containerPortal = 7A93E7A322D09B3C00A960AC /* Project object */;
			proxyType = 1;
			remoteGlobalIDString = 7A93E7AA22D09B3C00A960AC;
			remoteInfo = Class02;
		};
		7A93E7CB22D09B3D00A960AC /* PBXContainerItemProxy */ = {
			isa = PBXContainerItemProxy;
			containerPortal = 7A93E7A322D09B3C00A960AC /* Project object */;
			proxyType = 1;
			remoteGlobalIDString = 7A93E7AA22D09B3C00A960AC;
			remoteInfo = Class02;
		};
/* End PBXContainerItemProxy section */

/* Begin PBXFileReference section */
		7A2EDA5322D4229700A83BF0 /* AViewController.swift */ = {isa = PBXFileReference; lastKnownFileType = sourcecode.swift; path = AViewController.swift; sourceTree = "<group>"; };
		7A2EDA5522D422CB00A83BF0 /* BViewController.swift */ = {isa = PBXFileReference; lastKnownFileType = sourcecode.swift; path = BViewController.swift; sourceTree = "<group>"; };
		7A93E7AB22D09B3C00A960AC /* Class02.app */ = {isa = PBXFileReference; explicitFileType = wrapper.application; includeInIndex = 0; path = Class02.app; sourceTree = BUILT_PRODUCTS_DIR; };
		7A93E7AE22D09B3C00A960AC /* AppDelegate.swift */ = {isa = PBXFileReference; lastKnownFileType = sourcecode.swift; path = AppDelegate.swift; sourceTree = "<group>"; };
		7A93E7B022D09B3C00A960AC /* ViewController.swift */ = {isa = PBXFileReference; lastKnownFileType = sourcecode.swift; path = ViewController.swift; sourceTree = "<group>"; };
		7A93E7B322D09B3C00A960AC /* Base */ = {isa = PBXFileReference; lastKnownFileType = file.storyboard; name = Base; path = Base.lproj/Main.storyboard; sourceTree = "<group>"; };
		7A93E7B522D09B3D00A960AC /* Assets.xcassets */ = {isa = PBXFileReference; lastKnownFileType = folder.assetcatalog; path = Assets.xcassets; sourceTree = "<group>"; };
		7A93E7B822D09B3D00A960AC /* Base */ = {isa = PBXFileReference; lastKnownFileType = file.storyboard; name = Base; path = Base.lproj/LaunchScreen.storyboard; sourceTree = "<group>"; };
		7A93E7BA22D09B3D00A960AC /* Info.plist */ = {isa = PBXFileReference; lastKnownFileType = text.plist.xml; path = Info.plist; sourceTree = "<group>"; };
		7A93E7BF22D09B3D00A960AC /* Class02Tests.xctest */ = {isa = PBXFileReference; explicitFileType = wrapper.cfbundle; includeInIndex = 0; path = Class02Tests.xctest; sourceTree = BUILT_PRODUCTS_DIR; };
		7A93E7C322D09B3D00A960AC /* Class02Tests.swift */ = {isa = PBXFileReference; lastKnownFileType = sourcecode.swift; path = Class02Tests.swift; sourceTree = "<group>"; };
		7A93E7C522D09B3D00A960AC /* Info.plist */ = {isa = PBXFileReference; lastKnownFileType = text.plist.xml; path = Info.plist; sourceTree = "<group>"; };
		7A93E7CA22D09B3D00A960AC /* Class02UITests.xctest */ = {isa = PBXFileReference; explicitFileType = wrapper.cfbundle; includeInIndex = 0; path = Class02UITests.xctest; sourceTree = BUILT_PRODUCTS_DIR; };
		7A93E7CE22D09B3D00A960AC /* Class02UITests.swift */ = {isa = PBXFileReference; lastKnownFileType = sourcecode.swift; path = Class02UITests.swift; sourceTree = "<group>"; };
		7A93E7D022D09B3D00A960AC /* Info.plist */ = {isa = PBXFileReference; lastKnownFileType = text.plist.xml; path = Info.plist; sourceTree = "<group>"; };
/* End PBXFileReference section */

/* Begin PBXFrameworksBuildPhase section */
		7A93E7A822D09B3C00A960AC /* Frameworks */ = {
			isa = PBXFrameworksBuildPhase;
			buildActionMask = 2147483647;
			files = (
			);
			runOnlyForDeploymentPostprocessing = 0;
		};
		7A93E7BC22D09B3D00A960AC /* Frameworks */ = {
			isa = PBXFrameworksBuildPhase;
			buildActionMask = 2147483647;
			files = (
			);
			runOnlyForDeploymentPostprocessing = 0;
		};
		7A93E7C722D09B3D00A960AC /* Frameworks */ = {
			isa = PBXFrameworksBuildPhase;
			buildActionMask = 2147483647;
			files = (
			);
			runOnlyForDeploymentPostprocessing = 0;
		};
/* End PBXFrameworksBuildPhase section */

/* Begin PBXGroup section */
		7A93E7A222D09B3C00A960AC = {
			isa = PBXGroup;
			children = (
				7A93E7AD22D09B3C00A960AC /* Class02 */,
				7A93E7C222D09B3D00A960AC /* Class02Tests */,
				7A93E7CD22D09B3D00A960AC /* Class02UITests */,
				7A93E7AC22D09B3C00A960AC /* Products */,
			);
			sourceTree = "<group>";
		};
		7A93E7AC22D09B3C00A960AC /* Products */ = {
			isa = PBXGroup;
			children = (
				7A93E7AB22D09B3C00A960AC /* Class02.app */,
				7A93E7BF22D09B3D00A960AC /* Class02Tests.xctest */,
				7A93E7CA22D09B3D00A960AC /* Class02UITests.xctest */,
			);
			name = Products;
			sourceTree = "<group>";
		};
		7A93E7AD22D09B3C00A960AC /* Class02 */ = {
			isa = PBXGroup;
			children = (
				7A93E7AE22D09B3C00A960AC /* AppDelegate.swift */,
				7A93E7B022D09B3C00A960AC /* ViewController.swift */,
				7A93E7B222D09B3C00A960AC /* Main.storyboard */,
				7A93E7B522D09B3D00A960AC /* Assets.xcassets */,
				7A93E7B722D09B3D00A960AC /* LaunchScreen.storyboard */,
				7A93E7BA22D09B3D00A960AC /* Info.plist */,
				7A2EDA5322D4229700A83BF0 /* AViewController.swift */,
				7A2EDA5522D422CB00A83BF0 /* BViewController.swift */,
			);
			path = Class02;
			sourceTree = "<group>";
		};
		7A93E7C222D09B3D00A960AC /* Class02Tests */ = {
			isa = PBXGroup;
			children = (
				7A93E7C322D09B3D00A960AC /* Class02Tests.swift */,
				7A93E7C522D09B3D00A960AC /* Info.plist */,
			);
			path = Class02Tests;
			sourceTree = "<group>";
		};
		7A93E7CD22D09B3D00A960AC /* Class02UITests */ = {
			isa = PBXGroup;
			children = (
				7A93E7CE22D09B3D00A960AC /* Class02UITests.swift */,
				7A93E7D022D09B3D00A960AC /* Info.plist */,
			);
			path = Class02UITests;
			sourceTree = "<group>";
		};
/* End PBXGroup section */

/* Begin PBXNativeTarget section */
		7A93E7AA22D09B3C00A960AC /* Class02 */ = {
			isa = PBXNativeTarget;
			buildConfigurationList = 7A93E7D322D09B3D00A960AC /* Build configuration list for PBXNativeTarget "Class02" */;
			buildPhases = (
				7A93E7A722D09B3C00A960AC /* Sources */,
				7A93E7A822D09B3C00A960AC /* Frameworks */,
				7A93E7A922D09B3C00A960AC /* Resources */,
			);
			buildRules = (
			);
			dependencies = (
			);
			name = Class02;
			productName = Class02;
			productReference = 7A93E7AB22D09B3C00A960AC /* Class02.app */;
			productType = "com.apple.product-type.application";
		};
		7A93E7BE22D09B3D00A960AC /* Class02Tests */ = {
			isa = PBXNativeTarget;
			buildConfigurationList = 7A93E7D622D09B3D00A960AC /* Build configuration list for PBXNativeTarget "Class02Tests" */;
			buildPhases = (
				7A93E7BB22D09B3D00A960AC /* Sources */,
				7A93E7BC22D09B3D00A960AC /* Frameworks */,
				7A93E7BD22D09B3D00A960AC /* Resources */,
			);
			buildRules = (
			);
			dependencies = (
				7A93E7C122D09B3D00A960AC /* PBXTargetDependency */,
			);
			name = Class02Tests;
			productName = Class02Tests;
			productReference = 7A93E7BF22D09B3D00A960AC /* Class02Tests.xctest */;
			productType = "com.apple.product-type.bundle.unit-test";
		};
		7A93E7C922D09B3D00A960AC /* Class02UITests */ = {
			isa = PBXNativeTarget;
			buildConfigurationList = 7A93E7D922D09B3D00A960AC /* Build configuration list for PBXNativeTarget "Class02UITests" */;
			buildPhases = (
				7A93E7C622D09B3D00A960AC /* Sources */,
				7A93E7C722D09B3D00A960AC /* Frameworks */,
				7A93E7C822D09B3D00A960AC /* Resources */,
			);
			buildRules = (
			);
			dependencies = (
				7A93E7CC22D09B3D00A960AC /* PBXTargetDependency */,
			);
			name = Class02UITests;
			productName = Class02UITests;
			productReference = 7A93E7CA22D09B3D00A960AC /* Class02UITests.xctest */;
			productType = "com.apple.product-type.bundle.ui-testing";
		};
/* End PBXNativeTarget section */

/* Begin PBXProject section */
		7A93E7A322D09B3C00A960AC /* Project object */ = {
			isa = PBXProject;
			attributes = {
				LastSwiftUpdateCheck = 1020;
				LastUpgradeCheck = 1020;
				ORGANIZATIONNAME = "苹果工坊";
				TargetAttributes = {
					7A93E7AA22D09B3C00A960AC = {
						CreatedOnToolsVersion = 10.2.1;
					};
					7A93E7BE22D09B3D00A960AC = {
						CreatedOnToolsVersion = 10.2.1;
						TestTargetID = 7A93E7AA22D09B3C00A960AC;
					};
					7A93E7C922D09B3D00A960AC = {
						CreatedOnToolsVersion = 10.2.1;
						TestTargetID = 7A93E7AA22D09B3C00A960AC;
					};
				};
			};
			buildConfigurationList = 7A93E7A622D09B3C00A960AC /* Build configuration list for PBXProject "Class02" */;
			compatibilityVersion = "Xcode 9.3";
			developmentRegion = en;
			hasScannedForEncodings = 0;
			knownRegions = (
				en,
				Base,
			);
			mainGroup = 7A93E7A222D09B3C00A960AC;
			productRefGroup = 7A93E7AC22D09B3C00A960AC /* Products */;
			projectDirPath = "";
			projectRoot = "";
			targets = (
				7A93E7AA22D09B3C00A960AC /* Class02 */,
				7A93E7BE22D09B3D00A960AC /* Class02Tests */,
				7A93E7C922D09B3D00A960AC /* Class02UITests */,
			);
		};
/* End PBXProject section */

/* Begin PBXResourcesBuildPhase section */
		7A93E7A922D09B3C00A960AC /* Resources */ = {
			isa = PBXResourcesBuildPhase;
			buildActionMask = 2147483647;
			files = (
				7A93E7B922D09B3D00A960AC /* LaunchScreen.storyboard in Resources */,
				7A93E7B622D09B3D00A960AC /* Assets.xcassets in Resources */,
				7A93E7B422D09B3C00A960AC /* Main.storyboard in Resources */,
			);
			runOnlyForDeploymentPostprocessing = 0;
		};
		7A93E7BD22D09B3D00A960AC /* Resources */ = {
			isa = PBXResourcesBuildPhase;
			buildActionMask = 2147483647;
			files = (
			);
			runOnlyForDeploymentPostprocessing = 0;
		};
		7A93E7C822D09B3D00A960AC /* Resources */ = {
			isa = PBXResourcesBuildPhase;
			buildActionMask = 2147483647;
			files = (
			);
			runOnlyForDeploymentPostprocessing = 0;
		};
/* End PBXResourcesBuildPhase section */

/* Begin PBXSourcesBuildPhase section */
		7A93E7A722D09B3C00A960AC /* Sources */ = {
			isa = PBXSourcesBuildPhase;
			buildActionMask = 2147483647;
			files = (
				7A93E7B122D09B3C00A960AC /* ViewController.swift in Sources */,
				7A2EDA5622D422CB00A83BF0 /* BViewController.swift in Sources */,
				7A2EDA5422D4229700A83BF0 /* AViewController.swift in Sources */,
				7A93E7AF22D09B3C00A960AC /* AppDelegate.swift in Sources */,
			);
			runOnlyForDeploymentPostprocessing = 0;
		};
		7A93E7BB22D09B3D00A960AC /* Sources */ = {
			isa = PBXSourcesBuildPhase;
			buildActionMask = 2147483647;
			files = (
				7A93E7C422D09B3D00A960AC /* Class02Tests.swift in Sources */,
			);
			runOnlyForDeploymentPostprocessing = 0;
		};
		7A93E7C622D09B3D00A960AC /* Sources */ = {
			isa = PBXSourcesBuildPhase;
			buildActionMask = 2147483647;
			files = (
				7A93E7CF22D09B3D00A960AC /* Class02UITests.swift in Sources */,
			);
			runOnlyForDeploymentPostprocessing = 0;
		};
/* End PBXSourcesBuildPhase section */

/* Begin PBXTargetDependency section */
		7A93E7C122D09B3D00A960AC /* PBXTargetDependency */ = {
			isa = PBXTargetDependency;
			target = 7A93E7AA22D09B3C00A960AC /* Class02 */;
			targetProxy = 7A93E7C022D09B3D00A960AC /* PBXContainerItemProxy */;
		};
		7A93E7CC22D09B3D00A960AC /* PBXTargetDependency */ = {
			isa = PBXTargetDependency;
			target = 7A93E7AA22D09B3C00A960AC /* Class02 */;
			targetProxy = 7A93E7CB22D09B3D00A960AC /* PBXContainerItemProxy */;
		};
/* End PBXTargetDependency section */

/* Begin PBXVariantGroup section */
		7A93E7B222D09B3C00A960AC /* Main.storyboard */ = {
			isa = PBXVariantGroup;
			children = (
				7A93E7B322D09B3C00A960AC /* Base */,
			);
			name = Main.storyboard;
			sourceTree = "<group>";
		};
		7A93E7B722D09B3D00A960AC /* LaunchScreen.storyboard */ = {
			isa = PBXVariantGroup;
			children = (
				7A93E7B822D09B3D00A960AC /* Base */,
			);
			name = LaunchScreen.storyboard;
			sourceTree = "<group>";
		};
/* End PBXVariantGroup section */

/* Begin XCBuildConfiguration section */
		7A93E7D122D09B3D00A960AC /* Debug */ = {
			isa = XCBuildConfiguration;
			buildSettings = {
				ALWAYS_SEARCH_USER_PATHS = NO;
				CLANG_ANALYZER_NONNULL = YES;
				CLANG_ANALYZER_NUMBER_OBJECT_CONVERSION = YES_AGGRESSIVE;
				CLANG_CXX_LANGUAGE_STANDARD = "gnu++14";
				CLANG_CXX_LIBRARY = "libc++";
				CLANG_ENABLE_MODULES = YES;
				CLANG_ENABLE_OBJC_ARC = YES;
				CLANG_ENABLE_OBJC_WEAK = YES;
				CLANG_WARN_BLOCK_CAPTURE_AUTORELEASING = YES;
				CLANG_WARN_BOOL_CONVERSION = YES;
				CLANG_WARN_COMMA = YES;
				CLANG_WARN_CONSTANT_CONVERSION = YES;
				CLANG_WARN_DEPRECATED_OBJC_IMPLEMENTATIONS = YES;
				CLANG_WARN_DIRECT_OBJC_ISA_USAGE = YES_ERROR;
				CLANG_WARN_DOCUMENTATION_COMMENTS = YES;
				CLANG_WARN_EMPTY_BODY = YES;
				CLANG_WARN_ENUM_CONVERSION = YES;
				CLANG_WARN_INFINITE_RECURSION = YES;
				CLANG_WARN_INT_CONVERSION = YES;
				CLANG_WARN_NON_LITERAL_NULL_CONVERSION = YES;
				CLANG_WARN_OBJC_IMPLICIT_RETAIN_SELF = YES;
				CLANG_WARN_OBJC_LITERAL_CONVERSION = YES;
				CLANG_WARN_OBJC_ROOT_CLASS = YES_ERROR;
				CLANG_WARN_RANGE_LOOP_ANALYSIS = YES;
				CLANG_WARN_STRICT_PROTOTYPES = YES;
				CLANG_WARN_SUSPICIOUS_MOVE = YES;
				CLANG_WARN_UNGUARDED_AVAILABILITY = YES_AGGRESSIVE;
				CLANG_WARN_UNREACHABLE_CODE = YES;
				CLANG_WARN__DUPLICATE_METHOD_MATCH = YES;
				CODE_SIGN_IDENTITY = "iPhone Developer";
				COPY_PHASE_STRIP = NO;
				DEBUG_INFORMATION_FORMAT = dwarf;
				ENABLE_STRICT_OBJC_MSGSEND = YES;
				ENABLE_TESTABILITY = YES;
				GCC_C_LANGUAGE_STANDARD = gnu11;
				GCC_DYNAMIC_NO_PIC = NO;
				GCC_NO_COMMON_BLOCKS = YES;
				GCC_OPTIMIZATION_LEVEL = 0;
				GCC_PREPROCESSOR_DEFINITIONS = (
					"DEBUG=1",
					"$(inherited)",
				);
				GCC_WARN_64_TO_32_BIT_CONVERSION = YES;
				GCC_WARN_ABOUT_RETURN_TYPE = YES_ERROR;
				GCC_WARN_UNDECLARED_SELECTOR = YES;
				GCC_WARN_UNINITIALIZED_AUTOS = YES_AGGRESSIVE;
				GCC_WARN_UNUSED_FUNCTION = YES;
				GCC_WARN_UNUSED_VARIABLE = YES;
				IPHONEOS_DEPLOYMENT_TARGET = 12.2;
				MTL_ENABLE_DEBUG_INFO = INCLUDE_SOURCE;
				MTL_FAST_MATH = YES;
				ONLY_ACTIVE_ARCH = YES;
				SDKROOT = iphoneos;
				SWIFT_ACTIVE_COMPILATION_CONDITIONS = DEBUG;
				SWIFT_OPTIMIZATION_LEVEL = "-Onone";
			};
			name = Debug;
		};
		7A93E7D222D09B3D00A960AC /* Release */ = {
			isa = XCBuildConfiguration;
			buildSettings = {
				ALWAYS_SEARCH_USER_PATHS = NO;
				CLANG_ANALYZER_NONNULL = YES;
				CLANG_ANALYZER_NUMBER_OBJECT_CONVERSION = YES_AGGRESSIVE;
				CLANG_CXX_LANGUAGE_STANDARD = "gnu++14";
				CLANG_CXX_LIBRARY = "libc++";
				CLANG_ENABLE_MODULES = YES;
				CLANG_ENABLE_OBJC_ARC = YES;
				CLANG_ENABLE_OBJC_WEAK = YES;
				CLANG_WARN_BLOCK_CAPTURE_AUTORELEASING = YES;
				CLANG_WARN_BOOL_CONVERSION = YES;
				CLANG_WARN_COMMA = YES;
				CLANG_WARN_CONSTANT_CONVERSION = YES;
				CLANG_WARN_DEPRECATED_OBJC_IMPLEMENTATIONS = YES;
				CLANG_WARN_DIRECT_OBJC_ISA_USAGE = YES_ERROR;
				CLANG_WARN_DOCUMENTATION_COMMENTS = YES;
				CLANG_WARN_EMPTY_BODY = YES;
				CLANG_WARN_ENUM_CONVERSION = YES;
				CLANG_WARN_INFINITE_RECURSION = YES;
				CLANG_WARN_INT_CONVERSION = YES;
				CLANG_WARN_NON_LITERAL_NULL_CONVERSION = YES;
				CLANG_WARN_OBJC_IMPLICIT_RETAIN_SELF = YES;
				CLANG_WARN_OBJC_LITERAL_CONVERSION = YES;
				CLANG_WARN_OBJC_ROOT_CLASS = YES_ERROR;
				CLANG_WARN_RANGE_LOOP_ANALYSIS = YES;
				CLANG_WARN_STRICT_PROTOTYPES = YES;
				CLANG_WARN_SUSPICIOUS_MOVE = YES;
				CLANG_WARN_UNGUARDED_AVAILABILITY = YES_AGGRESSIVE;
				CLANG_WARN_UNREACHABLE_CODE = YES;
				CLANG_WARN__DUPLICATE_METHOD_MATCH = YES;
				CODE_SIGN_IDENTITY = "iPhone Developer";
				COPY_PHASE_STRIP = NO;
				DEBUG_INFORMATION_FORMAT = "dwarf-with-dsym";
				ENABLE_NS_ASSERTIONS = NO;
				ENABLE_STRICT_OBJC_MSGSEND = YES;
				GCC_C_LANGUAGE_STANDARD = gnu11;
				GCC_NO_COMMON_BLOCKS = YES;
				GCC_WARN_64_TO_32_BIT_CONVERSION = YES;
				GCC_WARN_ABOUT_RETURN_TYPE = YES_ERROR;
				GCC_WARN_UNDECLARED_SELECTOR = YES;
				GCC_WARN_UNINITIALIZED_AUTOS = YES_AGGRESSIVE;
				GCC_WARN_UNUSED_FUNCTION = YES;
				GCC_WARN_UNUSED_VARIABLE = YES;
				IPHONEOS_DEPLOYMENT_TARGET = 12.2;
				MTL_ENABLE_DEBUG_INFO = NO;
				MTL_FAST_MATH = YES;
				SDKROOT = iphoneos;
				SWIFT_COMPILATION_MODE = wholemodule;
				SWIFT_OPTIMIZATION_LEVEL = "-O";
				VALIDATE_PRODUCT = YES;
			};
			name = Release;
		};
		7A93E7D422D09B3D00A960AC /* Debug */ = {
			isa = XCBuildConfiguration;
			buildSettings = {
				ASSETCATALOG_COMPILER_APPICON_NAME = AppIcon;
				CODE_SIGN_STYLE = Automatic;
				INFOPLIST_FILE = Class02/Info.plist;
				LD_RUNPATH_SEARCH_PATHS = (
					"$(inherited)",
					"@executable_path/Frameworks",
				);
				PRODUCT_BUNDLE_IDENTIFIER = edu.njcit.Class02;
				PRODUCT_NAME = "$(TARGET_NAME)";
				SWIFT_VERSION = 5.0;
				TARGETED_DEVICE_FAMILY = "1,2";
			};
			name = Debug;
		};
		7A93E7D522D09B3D00A960AC /* Release */ = {
			isa = XCBuildConfiguration;
			buildSettings = {
				ASSETCATALOG_COMPILER_APPICON_NAME = AppIcon;
				CODE_SIGN_STYLE = Automatic;
				INFOPLIST_FILE = Class02/Info.plist;
				LD_RUNPATH_SEARCH_PATHS = (
					"$(inherited)",
					"@executable_path/Frameworks",
				);
				PRODUCT_BUNDLE_IDENTIFIER = edu.njcit.Class02;
				PRODUCT_NAME = "$(TARGET_NAME)";
				SWIFT_VERSION = 5.0;
				TARGETED_DEVICE_FAMILY = "1,2";
			};
			name = Release;
		};
		7A93E7D722D09B3D00A960AC /* Debug */ = {
			isa = XCBuildConfiguration;
			buildSettings = {
				ALWAYS_EMBED_SWIFT_STANDARD_LIBRARIES = YES;
				BUNDLE_LOADER = "$(TEST_HOST)";
				CODE_SIGN_STYLE = Automatic;
				INFOPLIST_FILE = Class02Tests/Info.plist;
				LD_RUNPATH_SEARCH_PATHS = (
					"$(inherited)",
					"@executable_path/Frameworks",
					"@loader_path/Frameworks",
				);
				PRODUCT_BUNDLE_IDENTIFIER = edu.njcit.Class02Tests;
				PRODUCT_NAME = "$(TARGET_NAME)";
				SWIFT_VERSION = 5.0;
				TARGETED_DEVICE_FAMILY = "1,2";
				TEST_HOST = "$(BUILT_PRODUCTS_DIR)/Class02.app/Class02";
			};
			name = Debug;
		};
		7A93E7D822D09B3D00A960AC /* Release */ = {
			isa = XCBuildConfiguration;
			buildSettings = {
				ALWAYS_EMBED_SWIFT_STANDARD_LIBRARIES = YES;
				BUNDLE_LOADER = "$(TEST_HOST)";
				CODE_SIGN_STYLE = Automatic;
				INFOPLIST_FILE = Class02Tests/Info.plist;
				LD_RUNPATH_SEARCH_PATHS = (
					"$(inherited)",
					"@executable_path/Frameworks",
					"@loader_path/Frameworks",
				);
				PRODUCT_BUNDLE_IDENTIFIER = edu.njcit.Class02Tests;
				PRODUCT_NAME = "$(TARGET_NAME)";
				SWIFT_VERSION = 5.0;
				TARGETED_DEVICE_FAMILY = "1,2";
				TEST_HOST = "$(BUILT_PRODUCTS_DIR)/Class02.app/Class02";
			};
			name = Release;
		};
		7A93E7DA22D09B3D00A960AC /* Debug */ = {
			isa = XCBuildConfiguration;
			buildSettings = {
				ALWAYS_EMBED_SWIFT_STANDARD_LIBRARIES = YES;
				CODE_SIGN_STYLE = Automatic;
				INFOPLIST_FILE = Class02UITests/Info.plist;
				LD_RUNPATH_SEARCH_PATHS = (
					"$(inherited)",
					"@executable_path/Frameworks",
					"@loader_path/Frameworks",
				);
				PRODUCT_BUNDLE_IDENTIFIER = edu.njcit.Class02UITests;
				PRODUCT_NAME = "$(TARGET_NAME)";
				SWIFT_VERSION = 5.0;
				TARGETED_DEVICE_FAMILY = "1,2";
				TEST_TARGET_NAME = Class02;
			};
			name = Debug;
		};
		7A93E7DB22D09B3D00A960AC /* Release */ = {
			isa = XCBuildConfiguration;
			buildSettings = {
				ALWAYS_EMBED_SWIFT_STANDARD_LIBRARIES = YES;
				CODE_SIGN_STYLE = Automatic;
				INFOPLIST_FILE = Class02UITests/Info.plist;
				LD_RUNPATH_SEARCH_PATHS = (
					"$(inherited)",
					"@executable_path/Frameworks",
					"@loader_path/Frameworks",
				);
				PRODUCT_BUNDLE_IDENTIFIER = edu.njcit.Class02UITests;
				PRODUCT_NAME = "$(TARGET_NAME)";
				SWIFT_VERSION = 5.0;
				TARGETED_DEVICE_FAMILY = "1,2";
				TEST_TARGET_NAME = Class02;
			};
			name = Release;
		};
/* End XCBuildConfiguration section */

/* Begin XCConfigurationList section */
		7A93E7A622D09B3C00A960AC /* Build configuration list for PBXProject "Class02" */ = {
			isa = XCConfigurationList;
			buildConfigurations = (
				7A93E7D122D09B3D00A960AC /* Debug */,
				7A93E7D222D09B3D00A960AC /* Release */,
			);
			defaultConfigurationIsVisible = 0;
			defaultConfigurationName = Release;
		};
		7A93E7D322D09B3D00A960AC /* Build configuration list for PBXNativeTarget "Class02" */ = {
			isa = XCConfigurationList;
			buildConfigurations = (
				7A93E7D422D09B3D00A960AC /* Debug */,
				7A93E7D522D09B3D00A960AC /* Release */,
			);
			defaultConfigurationIsVisible = 0;
			defaultConfigurationName = Release;
		};
		7A93E7D622D09B3D00A960AC /* Build configuration list for PBXNativeTarget "Class02Tests" */ = {
			isa = XCConfigurationList;
			buildConfigurations = (
				7A93E7D722D09B3D00A960AC /* Debug */,
				7A93E7D822D09B3D00A960AC /* Release */,
			);
			defaultConfigurationIsVisible = 0;
			defaultConfigurationName = Release;
		};
		7A93E7D922D09B3D00A960AC /* Build configuration list for PBXNativeTarget "Class02UITests" */ = {
			isa = XCConfigurationList;
			buildConfigurations = (
				7A93E7DA22D09B3D00A960AC /* Debug */,
				7A93E7DB22D09B3D00A960AC /* Release */,
			);
			defaultConfigurationIsVisible = 0;
			defaultConfigurationName = Release;
		};
/* End XCConfigurationList section */
	};
	rootObject = 7A93E7A322D09B3C00A960AC /* Project object */;
}
